
Microsoft Visual Studio Solution File, Format Version 12.00
# Visual Studio Version 17
VisualStudioVersion = 17.0.32112.339
MinimumVisualStudioVersion = 10.0.40219.1
Project("{2150E333-8FDC-42A3-9474-1A3956D46DE8}") = "01. API", "01. API", "{A0BDC9E1-6A9D-43DE-8A90-B6671FB71BB0}"
EndProject
Project("{2150E333-8FDC-42A3-9474-1A3956D46DE8}") = "02. Business", "02. Business", "{D2B67021-3E96-44BF-A664-7F4945CF4B76}"
EndProject
Project("{9A19103F-16F7-4668-BE54-9A1E7A4F7556}") = "Aopa.Suporte.gRPC", "src\Aopa.Suporte.gRPC\Aopa.Suporte.gRPC.csproj", "{DC503824-245B-4B68-A66E-FB8F7D66A872}"
EndProject
Global
	GlobalSection(SolutionConfigurationPlatforms) = preSolution
		Debug|Any CPU = Debug|Any CPU
		Release|Any CPU = Release|Any CPU
	EndGlobalSection
	GlobalSection(ProjectConfigurationPlatforms) = postSolution
		{DC503824-245B-4B68-A66E-FB8F7D66A872}.Debug|Any CPU.ActiveCfg = Debug|Any CPU
		{DC503824-245B-4B68-A66E-FB8F7D66A872}.Debug|Any CPU.Build.0 = Debug|Any CPU
		{DC503824-245B-4B68-A66E-FB8F7D66A872}.Release|Any CPU.ActiveCfg = Release|Any CPU
		{DC503824-245B-4B68-A66E-FB8F7D66A872}.Release|Any CPU.Build.0 = Release|Any CPU
	EndGlobalSection
	GlobalSection(SolutionProperties) = preSolution
		HideSolutionNode = FALSE
	EndGlobalSection
	GlobalSection(NestedProjects) = preSolution
		{DC503824-245B-4B68-A66E-FB8F7D66A872} = {A0BDC9E1-6A9D-43DE-8A90-B6671FB71BB0}
	EndGlobalSection
	GlobalSection(ExtensibilityGlobals) = postSolution
		SolutionGuid = {9C718E44-439B-4E02-B0FF-6145F6BE67A4}
	EndGlobalSection
EndGlobal
